
Microsoft Visual Studio Solution File, Format Version 12.00
# Visual Studio Version 16
Project("{FAE04EC0-301F-11D3-BF4B-00C04F79EFBC}") = "hw2-2", "hw2-2\hw2-2.csproj", "{6CD5787B-D8E9-479E-82D1-E4BD02C1CD58}"
EndProject
Project("{FAE04EC0-301F-11D3-BF4B-00C04F79EFBC}") = "hw2-2.Tests", "hw2-2.Tests\hw2-2.Tests.csproj", "{B44FAC72-DC36-4F6B-B283-636F21C4ACCE}"
EndProject
Global
	GlobalSection(SolutionConfigurationPlatforms) = preSolution
		Debug|Any CPU = Debug|Any CPU
		Release|Any CPU = Release|Any CPU
	EndGlobalSection
	GlobalSection(ProjectConfigurationPlatforms) = postSolution
		{6CD5787B-D8E9-479E-82D1-E4BD02C1CD58}.Debug|Any CPU.ActiveCfg = Debug|Any CPU
		{6CD5787B-D8E9-479E-82D1-E4BD02C1CD58}.Debug|Any CPU.Build.0 = Debug|Any CPU
		{6CD5787B-D8E9-479E-82D1-E4BD02C1CD58}.Release|Any CPU.ActiveCfg = Release|Any CPU
		{6CD5787B-D8E9-479E-82D1-E4BD02C1CD58}.Release|Any CPU.Build.0 = Release|Any CPU
		{B44FAC72-DC36-4F6B-B283-636F21C4ACCE}.Debug|Any CPU.ActiveCfg = Debug|Any CPU
		{B44FAC72-DC36-4F6B-B283-636F21C4ACCE}.Debug|Any CPU.Build.0 = Debug|Any CPU
		{B44FAC72-DC36-4F6B-B283-636F21C4ACCE}.Release|Any CPU.ActiveCfg = Release|Any CPU
		{B44FAC72-DC36-4F6B-B283-636F21C4ACCE}.Release|Any CPU.Build.0 = Release|Any CPU
	EndGlobalSection
EndGlobal
