
Microsoft Visual Studio Solution File, Format Version 12.00
# Visual Studio Version 16
VisualStudioVersion = 25.0.1706.3
MinimumVisualStudioVersion = 10.0.40219.1
Project("{FAE04EC0-301F-11D3-BF4B-00C04F79EFBC}") = "hw6-1", "hw6-1.csproj", "{81E81871-A83F-438D-9339-B89678F7DC37}"
EndProject
Project("{FAE04EC0-301F-11D3-BF4B-00C04F79EFBC}") = "hw6-1.Tests", "..\hw6-1.Tests\hw6-1.Tests.csproj", "{BF0709E8-5A9C-44B2-BA05-2AEB57704C9A}"
EndProject
Global
	GlobalSection(SolutionConfigurationPlatforms) = preSolution
		Debug|Any CPU = Debug|Any CPU
		Release|Any CPU = Release|Any CPU
	EndGlobalSection
	GlobalSection(ProjectConfigurationPlatforms) = postSolution
		{81E81871-A83F-438D-9339-B89678F7DC37}.Debug|Any CPU.ActiveCfg = Debug|Any CPU
		{81E81871-A83F-438D-9339-B89678F7DC37}.Debug|Any CPU.Build.0 = Debug|Any CPU
		{81E81871-A83F-438D-9339-B89678F7DC37}.Release|Any CPU.ActiveCfg = Release|Any CPU
		{81E81871-A83F-438D-9339-B89678F7DC37}.Release|Any CPU.Build.0 = Release|Any CPU
		{BF0709E8-5A9C-44B2-BA05-2AEB57704C9A}.Debug|Any CPU.ActiveCfg = Debug|Any CPU
		{BF0709E8-5A9C-44B2-BA05-2AEB57704C9A}.Debug|Any CPU.Build.0 = Debug|Any CPU
		{BF0709E8-5A9C-44B2-BA05-2AEB57704C9A}.Release|Any CPU.ActiveCfg = Release|Any CPU
		{BF0709E8-5A9C-44B2-BA05-2AEB57704C9A}.Release|Any CPU.Build.0 = Release|Any CPU
	EndGlobalSection
	GlobalSection(SolutionProperties) = preSolution
		HideSolutionNode = FALSE
	EndGlobalSection
	GlobalSection(ExtensibilityGlobals) = postSolution
		SolutionGuid = {DEE5AAD4-5E03-449C-9649-321843498B30}
	EndGlobalSection
EndGlobal
